
Microsoft Visual Studio Solution File, Format Version 12.00
# Visual Studio 15
VisualStudioVersion = 15.0.28307.421
MinimumVisualStudioVersion = 10.0.40219.1
Project("{FAE04EC0-301F-11D3-BF4B-00C04F79EFBC}") = "Decoder", "Decoder.csproj", "{811FDB9D-2713-4552-986D-BC4C89BB9CA0}"
EndProject
Global
	GlobalSection(SolutionConfigurationPlatforms) = preSolution
		Debug|Any CPU = Debug|Any CPU
		Release|Any CPU = Release|Any CPU
	EndGlobalSection
	GlobalSection(ProjectConfigurationPlatforms) = postSolution
		{811FDB9D-2713-4552-986D-BC4C89BB9CA0}.Debug|Any CPU.ActiveCfg = Debug|Any CPU
		{811FDB9D-2713-4552-986D-BC4C89BB9CA0}.Debug|Any CPU.Build.0 = Debug|Any CPU
		{811FDB9D-2713-4552-986D-BC4C89BB9CA0}.Release|Any CPU.ActiveCfg = Release|Any CPU
		{811FDB9D-2713-4552-986D-BC4C89BB9CA0}.Release|Any CPU.Build.0 = Release|Any CPU
	EndGlobalSection
	GlobalSection(SolutionProperties) = preSolution
		HideSolutionNode = FALSE
	EndGlobalSection
	GlobalSection(ExtensibilityGlobals) = postSolution
		SolutionGuid = {27253288-BE15-4141-AB31-99BE27181826}
	EndGlobalSection
EndGlobal
